github.com/ganawaj/go-vyos v0.1.0 h1:qopezQpOcVaTbto8e00r0ZeyvWKayWAwIxMxWHcRrpA=
github.com/ganawaj/go-vyos v0.1.0/go.mod h1:OqolbO8qVDpuyR9H+8Iyifjjc1LS7XpiSrjcuQPZO+k=
github.com/gorilla/mux v1.8.1 h1:TuBL49tXwgrFYWhqrNgrUNEY92u81SPhu7sTdzQEiWY=
github.com/gorilla/mux v1.8.1/go.mod h1:AKf9I4AEqPTmMytcMc0KkNouC66V3BtZ4qD5fmWSiMQ=
